
Microsoft Visual Studio Solution File, Format Version 12.00
# Visual Studio 15
VisualStudioVersion = 15.0.28307.1267
MinimumVisualStudioVersion = 10.0.40219.1
Project("{FAE04EC0-301F-11D3-BF4B-00C04F79EFBC}") = "VNPTRecalledProduct", "VNPTRecalledProduct\VNPTRecalledProduct.csproj", "{9F2BADD7-F9A5-49C3-A170-98B832AB827B}"
EndProject
Project("{FAE04EC0-301F-11D3-BF4B-00C04F79EFBC}") = "HEC", "HEC\HEC.csproj", "{E46B8F15-9361-4EF9-8087-5E1EC4C9989A}"
EndProject
Project("{FAE04EC0-301F-11D3-BF4B-00C04F79EFBC}") = "ConnectWiFi", "ConnectWiFi\ConnectWiFi.csproj", "{34CE760B-C9EE-4A4A-B8A2-88FD60F05B9C}"
EndProject
Project("{FAE04EC0-301F-11D3-BF4B-00C04F79EFBC}") = "TestRSSI", "TestRSSI\TestRSSI.csproj", "{678596C0-1D68-48A5-B3AA-27356C2EB6F3}"
EndProject
Project("{FAE04EC0-301F-11D3-BF4B-00C04F79EFBC}") = "Scryption", "Scryption\Scryption.csproj", "{46AAF3A2-D3A5-4891-B1A6-4521DFD09641}"
EndProject
Global
	GlobalSection(SolutionConfigurationPlatforms) = preSolution
		Debug|Any CPU = Debug|Any CPU
		Release|Any CPU = Release|Any CPU
	EndGlobalSection
	GlobalSection(ProjectConfigurationPlatforms) = postSolution
		{9F2BADD7-F9A5-49C3-A170-98B832AB827B}.Debug|Any CPU.ActiveCfg = Debug|Any CPU
		{9F2BADD7-F9A5-49C3-A170-98B832AB827B}.Debug|Any CPU.Build.0 = Debug|Any CPU
		{9F2BADD7-F9A5-49C3-A170-98B832AB827B}.Release|Any CPU.ActiveCfg = Release|Any CPU
		{9F2BADD7-F9A5-49C3-A170-98B832AB827B}.Release|Any CPU.Build.0 = Release|Any CPU
		{E46B8F15-9361-4EF9-8087-5E1EC4C9989A}.Debug|Any CPU.ActiveCfg = Debug|Any CPU
		{E46B8F15-9361-4EF9-8087-5E1EC4C9989A}.Debug|Any CPU.Build.0 = Debug|Any CPU
		{E46B8F15-9361-4EF9-8087-5E1EC4C9989A}.Release|Any CPU.ActiveCfg = Release|Any CPU
		{E46B8F15-9361-4EF9-8087-5E1EC4C9989A}.Release|Any CPU.Build.0 = Release|Any CPU
		{34CE760B-C9EE-4A4A-B8A2-88FD60F05B9C}.Debug|Any CPU.ActiveCfg = Debug|Any CPU
		{34CE760B-C9EE-4A4A-B8A2-88FD60F05B9C}.Debug|Any CPU.Build.0 = Debug|Any CPU
		{34CE760B-C9EE-4A4A-B8A2-88FD60F05B9C}.Release|Any CPU.ActiveCfg = Release|Any CPU
		{34CE760B-C9EE-4A4A-B8A2-88FD60F05B9C}.Release|Any CPU.Build.0 = Release|Any CPU
		{678596C0-1D68-48A5-B3AA-27356C2EB6F3}.Debug|Any CPU.ActiveCfg = Debug|Any CPU
		{678596C0-1D68-48A5-B3AA-27356C2EB6F3}.Debug|Any CPU.Build.0 = Debug|Any CPU
		{678596C0-1D68-48A5-B3AA-27356C2EB6F3}.Release|Any CPU.ActiveCfg = Release|Any CPU
		{678596C0-1D68-48A5-B3AA-27356C2EB6F3}.Release|Any CPU.Build.0 = Release|Any CPU
		{46AAF3A2-D3A5-4891-B1A6-4521DFD09641}.Debug|Any CPU.ActiveCfg = Debug|Any CPU
		{46AAF3A2-D3A5-4891-B1A6-4521DFD09641}.Debug|Any CPU.Build.0 = Debug|Any CPU
		{46AAF3A2-D3A5-4891-B1A6-4521DFD09641}.Release|Any CPU.ActiveCfg = Release|Any CPU
		{46AAF3A2-D3A5-4891-B1A6-4521DFD09641}.Release|Any CPU.Build.0 = Release|Any CPU
	EndGlobalSection
	GlobalSection(SolutionProperties) = preSolution
		HideSolutionNode = FALSE
	EndGlobalSection
	GlobalSection(ExtensibilityGlobals) = postSolution
		SolutionGuid = {97B33001-9614-4CCF-B0B6-2FCAAD85812F}
	EndGlobalSection
EndGlobal
